
Microsoft Visual Studio Solution File, Format Version 12.00
# Visual Studio Version 16
VisualStudioVersion = 16.0.30517.126
MinimumVisualStudioVersion = 10.0.40219.1
Project("{9A19103F-16F7-4668-BE54-9A1E7A4F7556}") = "DataTransfer_App.WEB", "DataTransfer_App.WEB.csproj", "{0B831A8E-005E-42E9-96AF-39D09F30567C}"
EndProject
Project("{9A19103F-16F7-4668-BE54-9A1E7A4F7556}") = "DataTransfer_App.DAL", "..\DataTransfer_App.DAL\DataTransfer_App.DAL.csproj", "{7CE2E28D-0C78-4CCF-AE4C-01BF2BE320D2}"
EndProject
Project("{9A19103F-16F7-4668-BE54-9A1E7A4F7556}") = "DataTransfer_App.BLL", "..\DataTransfer_App.BLL\DataTransfer_App.BLL.csproj", "{3B1CD4DD-EED3-4A12-8F69-F9D89961533E}"
EndProject
Global
	GlobalSection(SolutionConfigurationPlatforms) = preSolution
		Debug|Any CPU = Debug|Any CPU
		Release|Any CPU = Release|Any CPU
	EndGlobalSection
	GlobalSection(ProjectConfigurationPlatforms) = postSolution
		{0B831A8E-005E-42E9-96AF-39D09F30567C}.Debug|Any CPU.ActiveCfg = Debug|Any CPU
		{0B831A8E-005E-42E9-96AF-39D09F30567C}.Debug|Any CPU.Build.0 = Debug|Any CPU
		{0B831A8E-005E-42E9-96AF-39D09F30567C}.Release|Any CPU.ActiveCfg = Release|Any CPU
		{0B831A8E-005E-42E9-96AF-39D09F30567C}.Release|Any CPU.Build.0 = Release|Any CPU
		{7CE2E28D-0C78-4CCF-AE4C-01BF2BE320D2}.Debug|Any CPU.ActiveCfg = Debug|Any CPU
		{7CE2E28D-0C78-4CCF-AE4C-01BF2BE320D2}.Debug|Any CPU.Build.0 = Debug|Any CPU
		{7CE2E28D-0C78-4CCF-AE4C-01BF2BE320D2}.Release|Any CPU.ActiveCfg = Release|Any CPU
		{7CE2E28D-0C78-4CCF-AE4C-01BF2BE320D2}.Release|Any CPU.Build.0 = Release|Any CPU
		{3B1CD4DD-EED3-4A12-8F69-F9D89961533E}.Debug|Any CPU.ActiveCfg = Debug|Any CPU
		{3B1CD4DD-EED3-4A12-8F69-F9D89961533E}.Debug|Any CPU.Build.0 = Debug|Any CPU
		{3B1CD4DD-EED3-4A12-8F69-F9D89961533E}.Release|Any CPU.ActiveCfg = Release|Any CPU
		{3B1CD4DD-EED3-4A12-8F69-F9D89961533E}.Release|Any CPU.Build.0 = Release|Any CPU
	EndGlobalSection
	GlobalSection(SolutionProperties) = preSolution
		HideSolutionNode = FALSE
	EndGlobalSection
	GlobalSection(ExtensibilityGlobals) = postSolution
		SolutionGuid = {165DC1D4-5FA6-4E45-893D-B0B1885D9CC6}
	EndGlobalSection
EndGlobal
