
Microsoft Visual Studio Solution File, Format Version 12.00
# Visual Studio Version 16
VisualStudioVersion = 16.0.30517.126
MinimumVisualStudioVersion = 10.0.40219.1
Project("{9A19103F-16F7-4668-BE54-9A1E7A4F7556}") = "Middleware_App.Web", "Middleware_App.Web.csproj", "{6A400229-8E71-4F73-ABAC-45DB36835BDE}"
EndProject
Project("{9A19103F-16F7-4668-BE54-9A1E7A4F7556}") = "Middleware_App.Core", "..\Middleware_App.Core\Middleware_App.Core.csproj", "{5614BE74-1313-48AC-A109-83087BB9931D}"
EndProject
Global
	GlobalSection(SolutionConfigurationPlatforms) = preSolution
		Debug|Any CPU = Debug|Any CPU
		Release|Any CPU = Release|Any CPU
	EndGlobalSection
	GlobalSection(ProjectConfigurationPlatforms) = postSolution
		{6A400229-8E71-4F73-ABAC-45DB36835BDE}.Debug|Any CPU.ActiveCfg = Debug|Any CPU
		{6A400229-8E71-4F73-ABAC-45DB36835BDE}.Debug|Any CPU.Build.0 = Debug|Any CPU
		{6A400229-8E71-4F73-ABAC-45DB36835BDE}.Release|Any CPU.ActiveCfg = Release|Any CPU
		{6A400229-8E71-4F73-ABAC-45DB36835BDE}.Release|Any CPU.Build.0 = Release|Any CPU
		{5614BE74-1313-48AC-A109-83087BB9931D}.Debug|Any CPU.ActiveCfg = Debug|Any CPU
		{5614BE74-1313-48AC-A109-83087BB9931D}.Debug|Any CPU.Build.0 = Debug|Any CPU
		{5614BE74-1313-48AC-A109-83087BB9931D}.Release|Any CPU.ActiveCfg = Release|Any CPU
		{5614BE74-1313-48AC-A109-83087BB9931D}.Release|Any CPU.Build.0 = Release|Any CPU
	EndGlobalSection
	GlobalSection(SolutionProperties) = preSolution
		HideSolutionNode = FALSE
	EndGlobalSection
	GlobalSection(ExtensibilityGlobals) = postSolution
		SolutionGuid = {BE9B5E3B-459B-4B7C-8B58-5C62E5DF2E73}
	EndGlobalSection
EndGlobal
