
Microsoft Visual Studio Solution File, Format Version 12.00
# Visual Studio Version 16
VisualStudioVersion = 16.0.30517.126
MinimumVisualStudioVersion = 10.0.40219.1
Project("{9A19103F-16F7-4668-BE54-9A1E7A4F7556}") = "WebApp.PL", "WebApp.PL.csproj", "{44E83F34-ED82-4CE6-81AB-086FF57A014C}"
EndProject
Project("{9A19103F-16F7-4668-BE54-9A1E7A4F7556}") = "WebApp.DAL", "..\WebApp.DAL\WebApp.DAL.csproj", "{5556F55F-1A6B-4129-BEB3-79985601F8DD}"
EndProject
Project("{9A19103F-16F7-4668-BE54-9A1E7A4F7556}") = "WebApp.BL", "..\WebApp.BL\WebApp.BL.csproj", "{9E4ECF78-B706-4441-9AC9-CA72CD9739C1}"
EndProject
Global
	GlobalSection(SolutionConfigurationPlatforms) = preSolution
		Debug|Any CPU = Debug|Any CPU
		Release|Any CPU = Release|Any CPU
	EndGlobalSection
	GlobalSection(ProjectConfigurationPlatforms) = postSolution
		{44E83F34-ED82-4CE6-81AB-086FF57A014C}.Debug|Any CPU.ActiveCfg = Debug|Any CPU
		{44E83F34-ED82-4CE6-81AB-086FF57A014C}.Debug|Any CPU.Build.0 = Debug|Any CPU
		{44E83F34-ED82-4CE6-81AB-086FF57A014C}.Release|Any CPU.ActiveCfg = Release|Any CPU
		{44E83F34-ED82-4CE6-81AB-086FF57A014C}.Release|Any CPU.Build.0 = Release|Any CPU
		{5556F55F-1A6B-4129-BEB3-79985601F8DD}.Debug|Any CPU.ActiveCfg = Debug|Any CPU
		{5556F55F-1A6B-4129-BEB3-79985601F8DD}.Debug|Any CPU.Build.0 = Debug|Any CPU
		{5556F55F-1A6B-4129-BEB3-79985601F8DD}.Release|Any CPU.ActiveCfg = Release|Any CPU
		{5556F55F-1A6B-4129-BEB3-79985601F8DD}.Release|Any CPU.Build.0 = Release|Any CPU
		{9E4ECF78-B706-4441-9AC9-CA72CD9739C1}.Debug|Any CPU.ActiveCfg = Debug|Any CPU
		{9E4ECF78-B706-4441-9AC9-CA72CD9739C1}.Debug|Any CPU.Build.0 = Debug|Any CPU
		{9E4ECF78-B706-4441-9AC9-CA72CD9739C1}.Release|Any CPU.ActiveCfg = Release|Any CPU
		{9E4ECF78-B706-4441-9AC9-CA72CD9739C1}.Release|Any CPU.Build.0 = Release|Any CPU
	EndGlobalSection
	GlobalSection(SolutionProperties) = preSolution
		HideSolutionNode = FALSE
	EndGlobalSection
	GlobalSection(ExtensibilityGlobals) = postSolution
		SolutionGuid = {05769D23-8D61-45A9-BBA4-6BD629A13AF8}
	EndGlobalSection
EndGlobal
