
Microsoft Visual Studio Solution File, Format Version 12.00
# Visual Studio Version 16
VisualStudioVersion = 16.0.30517.126
MinimumVisualStudioVersion = 10.0.40219.1
Project("{9A19103F-16F7-4668-BE54-9A1E7A4F7556}") = "AppState.Web", "AppState.Web.csproj", "{A8781EF4-CC0C-4773-AAEF-30B0AE4C77B9}"
EndProject
Project("{9A19103F-16F7-4668-BE54-9A1E7A4F7556}") = "AppState.Core", "..\AppState.Core\AppState.Core.csproj", "{5B68EC91-6176-4526-8FD0-C395D9FDC76D}"
EndProject
Project("{9A19103F-16F7-4668-BE54-9A1E7A4F7556}") = "AppState.Infrastructure", "..\AppState.Infrastructure\AppState.Infrastructure.csproj", "{F7DECDA3-1F1A-4716-A77D-51F61B4EB50A}"
EndProject
Global
	GlobalSection(SolutionConfigurationPlatforms) = preSolution
		Debug|Any CPU = Debug|Any CPU
		Release|Any CPU = Release|Any CPU
	EndGlobalSection
	GlobalSection(ProjectConfigurationPlatforms) = postSolution
		{A8781EF4-CC0C-4773-AAEF-30B0AE4C77B9}.Debug|Any CPU.ActiveCfg = Debug|Any CPU
		{A8781EF4-CC0C-4773-AAEF-30B0AE4C77B9}.Debug|Any CPU.Build.0 = Debug|Any CPU
		{A8781EF4-CC0C-4773-AAEF-30B0AE4C77B9}.Release|Any CPU.ActiveCfg = Release|Any CPU
		{A8781EF4-CC0C-4773-AAEF-30B0AE4C77B9}.Release|Any CPU.Build.0 = Release|Any CPU
		{5B68EC91-6176-4526-8FD0-C395D9FDC76D}.Debug|Any CPU.ActiveCfg = Debug|Any CPU
		{5B68EC91-6176-4526-8FD0-C395D9FDC76D}.Debug|Any CPU.Build.0 = Debug|Any CPU
		{5B68EC91-6176-4526-8FD0-C395D9FDC76D}.Release|Any CPU.ActiveCfg = Release|Any CPU
		{5B68EC91-6176-4526-8FD0-C395D9FDC76D}.Release|Any CPU.Build.0 = Release|Any CPU
		{F7DECDA3-1F1A-4716-A77D-51F61B4EB50A}.Debug|Any CPU.ActiveCfg = Debug|Any CPU
		{F7DECDA3-1F1A-4716-A77D-51F61B4EB50A}.Debug|Any CPU.Build.0 = Debug|Any CPU
		{F7DECDA3-1F1A-4716-A77D-51F61B4EB50A}.Release|Any CPU.ActiveCfg = Release|Any CPU
		{F7DECDA3-1F1A-4716-A77D-51F61B4EB50A}.Release|Any CPU.Build.0 = Release|Any CPU
	EndGlobalSection
	GlobalSection(SolutionProperties) = preSolution
		HideSolutionNode = FALSE
	EndGlobalSection
	GlobalSection(ExtensibilityGlobals) = postSolution
		SolutionGuid = {314AC34F-43F3-4B53-9829-FFF724FC92DD}
	EndGlobalSection
EndGlobal
