
Microsoft Visual Studio Solution File, Format Version 12.00
# Visual Studio Version 16
VisualStudioVersion = 16.0.30517.126
MinimumVisualStudioVersion = 10.0.40219.1
Project("{9A19103F-16F7-4668-BE54-9A1E7A4F7556}") = "Autofac_App", "Autofac_App.csproj", "{E278F139-D7AE-427C-A524-52129FCF5666}"
EndProject
Global
	GlobalSection(SolutionConfigurationPlatforms) = preSolution
		Debug|Any CPU = Debug|Any CPU
		Release|Any CPU = Release|Any CPU
	EndGlobalSection
	GlobalSection(ProjectConfigurationPlatforms) = postSolution
		{E278F139-D7AE-427C-A524-52129FCF5666}.Debug|Any CPU.ActiveCfg = Debug|Any CPU
		{E278F139-D7AE-427C-A524-52129FCF5666}.Debug|Any CPU.Build.0 = Debug|Any CPU
		{E278F139-D7AE-427C-A524-52129FCF5666}.Release|Any CPU.ActiveCfg = Release|Any CPU
		{E278F139-D7AE-427C-A524-52129FCF5666}.Release|Any CPU.Build.0 = Release|Any CPU
	EndGlobalSection
	GlobalSection(SolutionProperties) = preSolution
		HideSolutionNode = FALSE
	EndGlobalSection
	GlobalSection(ExtensibilityGlobals) = postSolution
		SolutionGuid = {169B99A6-8865-4EAB-BE9E-E9E409821368}
	EndGlobalSection
EndGlobal
